Microsoft Visual Studio Solution File, Format Version 11.00
# Visual Studio 2008

Project("{C55DA589-33DA-DF65-138C-EE2FE9A4169E}") = "20411", "Assembly-CSharp.csproj", "{0CC5A6D8-7196-2FDA-B4B6-8901710979D4}"
EndProject
Global
	GlobalSection(SolutionConfigurationPlatforms) = preSolution
		Debug|Any CPU = Debug|Any CPU
		Release|Any CPU = Release|Any CPU
	EndGlobalSection
	GlobalSection(ProjectConfigurationPlatforms) = postSolution
		{0CC5A6D8-7196-2FDA-B4B6-8901710979D4}.Debug|Any CPU.ActiveCfg = Debug|Any CPU
		{0CC5A6D8-7196-2FDA-B4B6-8901710979D4}.Debug|Any CPU.Build.0 = Debug|Any CPU
		{0CC5A6D8-7196-2FDA-B4B6-8901710979D4}.Release|Any CPU.ActiveCfg = Release|Any CPU
		{0CC5A6D8-7196-2FDA-B4B6-8901710979D4}.Release|Any CPU.Build.0 = Release|Any CPU
	EndGlobalSection
	GlobalSection(SolutionProperties) = preSolution
		HideSolutionNode = FALSE
	EndGlobalSection
	GlobalSection(MonoDevelopProperties) = preSolution
		StartupItem = Assembly-CSharp.csproj
	EndGlobalSection
EndGlobal
